// !$*UTF8*$!
{
	archiveVersion = 1;
	classes = {
	};
	objectVersion = 50;
	objects = {

/* Begin PBXBuildFile section */
		3B6A0D352269DAC1001F627B /* AppDelegate.m in Sources */ = {isa = PBXBuildFile; fileRef = 3B6A0D342269DAC1001F627B /* AppDelegate.m */; };
		3B6A0D382269DAC1001F627B /* ViewController.m in Sources */ = {isa = PBXBuildFile; fileRef = 3B6A0D372269DAC1001F627B /* ViewController.m */; };
		3B6A0D3B2269DAC1001F627B /* Main.storyboard in Resources */ = {isa = PBXBuildFile; fileRef = 3B6A0D392269DAC1001F627B /* Main.storyboard */; };
		3B6A0D3D2269DAC3001F627B /* Assets.xcassets in Resources */ = {isa = PBXBuildFile; fileRef = 3B6A0D3C2269DAC3001F627B /* Assets.xcassets */; };
		3B6A0D402269DAC3001F627B /* LaunchScreen.storyboard in Resources */ = {isa = PBXBuildFile; fileRef = 3B6A0D3E2269DAC3001F627B /* LaunchScreen.storyboard */; };
		3B6A0D432269DAC3001F627B /* main.m in Sources */ = {isa = PBXBuildFile; fileRef = 3B6A0D422269DAC3001F627B /* main.m */; };
		3B6A0D4A2269DBB3001F627B /* package.json in Resources */ = {isa = PBXBuildFile; fileRef = 3B6A0D492269DBB3001F627B /* package.json */; };
		3B6A0D4F2269E08A001F627B /* ReactView.m in Sources */ = {isa = PBXBuildFile; fileRef = 3B6A0D4E2269E08A001F627B /* ReactView.m */; };
		3B6A0D5D2269E313001F627B /* RNViewController.m in Sources */ = {isa = PBXBuildFile; fileRef = 3B6A0D5C2269E313001F627B /* RNViewController.m */; };
		3B6A0D602269E4D5001F627B /* RCTModules.m in Sources */ = {isa = PBXBuildFile; fileRef = 3B6A0D5F2269E4D5001F627B /* RCTModules.m */; };
		3B6A0D632269E583001F627B /* TwoViewController.m in Sources */ = {isa = PBXBuildFile; fileRef = 3B6A0D622269E583001F627B /* TwoViewController.m */; };
		3B6A0D662269E5AE001F627B /* ThreeViewController.m in Sources */ = {isa = PBXBuildFile; fileRef = 3B6A0D652269E5AE001F627B /* ThreeViewController.m */; };
		3B6A0D682269EA89001F627B /* .gitignore in Resources */ = {isa = PBXBuildFile; fileRef = 3B6A0D672269EA89001F627B /* .gitignore */; };
		5F327746E176244E9C542199 /* libPods-iOS-RN.a in Frameworks */ = {isa = PBXBuildFile; fileRef = 715A003DFE21E0BDE8627B2A /* libPods-iOS-RN.a */; };
/* End PBXBuildFile section */

/* Begin PBXFileReference section */
		3B6A0D302269DAC1001F627B /* iOS-RN.app */ = {isa = PBXFileReference; explicitFileType = wrapper.application; includeInIndex = 0; path = "iOS-RN.app"; sourceTree = BUILT_PRODUCTS_DIR; };
		3B6A0D332269DAC1001F627B /* AppDelegate.h */ = {isa = PBXFileReference; lastKnownFileType = sourcecode.c.h; path = AppDelegate.h; sourceTree = "<group>"; };
		3B6A0D342269DAC1001F627B /* AppDelegate.m */ = {isa = PBXFileReference; lastKnownFileType = sourcecode.c.objc; path = AppDelegate.m; sourceTree = "<group>"; };
		3B6A0D362269DAC1001F627B /* ViewController.h */ = {isa = PBXFileReference; lastKnownFileType = sourcecode.c.h; path = ViewController.h; sourceTree = "<group>"; };
		3B6A0D372269DAC1001F627B /* ViewController.m */ = {isa = PBXFileReference; lastKnownFileType = sourcecode.c.objc; path = ViewController.m; sourceTree = "<group>"; };
		3B6A0D3A2269DAC1001F627B /* Base */ = {isa = PBXFileReference; lastKnownFileType = file.storyboard; name = Base; path = Base.lproj/Main.storyboard; sourceTree = "<group>"; };
		3B6A0D3C2269DAC3001F627B /* Assets.xcassets */ = {isa = PBXFileReference; lastKnownFileType = folder.assetcatalog; path = Assets.xcassets; sourceTree = "<group>"; };
		3B6A0D3F2269DAC3001F627B /* Base */ = {isa = PBXFileReference; lastKnownFileType = file.storyboard; name = Base; path = Base.lproj/LaunchScreen.storyboard; sourceTree = "<group>"; };
		3B6A0D412269DAC3001F627B /* Info.plist */ = {isa = PBXFileReference; lastKnownFileType = text.plist.xml; path = Info.plist; sourceTree = "<group>"; };
		3B6A0D422269DAC3001F627B /* main.m */ = {isa = PBXFileReference; lastKnownFileType = sourcecode.c.objc; path = main.m; sourceTree = "<group>"; };
		3B6A0D492269DBB3001F627B /* package.json */ = {isa = PBXFileReference; fileEncoding = 4; lastKnownFileType = text.json; path = package.json; sourceTree = "<group>"; };
		3B6A0D4D2269E08A001F627B /* ReactView.h */ = {isa = PBXFileReference; lastKnownFileType = sourcecode.c.h; path = ReactView.h; sourceTree = "<group>"; };
		3B6A0D4E2269E08A001F627B /* ReactView.m */ = {isa = PBXFileReference; lastKnownFileType = sourcecode.c.objc; path = ReactView.m; sourceTree = "<group>"; };
		3B6A0D5B2269E313001F627B /* RNViewController.h */ = {isa = PBXFileReference; lastKnownFileType = sourcecode.c.h; path = RNViewController.h; sourceTree = "<group>"; };
		3B6A0D5C2269E313001F627B /* RNViewController.m */ = {isa = PBXFileReference; lastKnownFileType = sourcecode.c.objc; path = RNViewController.m; sourceTree = "<group>"; };
		3B6A0D5E2269E4D5001F627B /* RCTModules.h */ = {isa = PBXFileReference; lastKnownFileType = sourcecode.c.h; path = RCTModules.h; sourceTree = "<group>"; };
		3B6A0D5F2269E4D5001F627B /* RCTModules.m */ = {isa = PBXFileReference; lastKnownFileType = sourcecode.c.objc; path = RCTModules.m; sourceTree = "<group>"; };
		3B6A0D612269E583001F627B /* TwoViewController.h */ = {isa = PBXFileReference; lastKnownFileType = sourcecode.c.h; path = TwoViewController.h; sourceTree = "<group>"; };
		3B6A0D622269E583001F627B /* TwoViewController.m */ = {isa = PBXFileReference; lastKnownFileType = sourcecode.c.objc; path = TwoViewController.m; sourceTree = "<group>"; };
		3B6A0D642269E5AE001F627B /* ThreeViewController.h */ = {isa = PBXFileReference; lastKnownFileType = sourcecode.c.h; path = ThreeViewController.h; sourceTree = "<group>"; };
		3B6A0D652269E5AE001F627B /* ThreeViewController.m */ = {isa = PBXFileReference; lastKnownFileType = sourcecode.c.objc; path = ThreeViewController.m; sourceTree = "<group>"; };
		3B6A0D672269EA89001F627B /* .gitignore */ = {isa = PBXFileReference; fileEncoding = 4; lastKnownFileType = text; path = .gitignore; sourceTree = "<group>"; };
		500A70821D522E9041A6A546 /* Pods-iOS-RN.debug.xcconfig */ = {isa = PBXFileReference; includeInIndex = 1; lastKnownFileType = text.xcconfig; name = "Pods-iOS-RN.debug.xcconfig"; path = "Pods/Target Support Files/Pods-iOS-RN/Pods-iOS-RN.debug.xcconfig"; sourceTree = "<group>"; };
		60D11BD7EEF198D3197617BF /* Pods-iOS-RN.release.xcconfig */ = {isa = PBXFileReference; includeInIndex = 1; lastKnownFileType = text.xcconfig; name = "Pods-iOS-RN.release.xcconfig"; path = "Pods/Target Support Files/Pods-iOS-RN/Pods-iOS-RN.release.xcconfig"; sourceTree = "<group>"; };
		715A003DFE21E0BDE8627B2A /* libPods-iOS-RN.a */ = {isa = PBXFileReference; explicitFileType = archive.ar; includeInIndex = 0; path = "libPods-iOS-RN.a"; sourceTree = BUILT_PRODUCTS_DIR; };
/* End PBXFileReference section */

/* Begin PBXFrameworksBuildPhase section */
		3B6A0D2D2269DAC1001F627B /* Frameworks */ = {
			isa = PBXFrameworksBuildPhase;
			buildActionMask = 2147483647;
			files = (
				5F327746E176244E9C542199 /* libPods-iOS-RN.a in Frameworks */,
			);
			runOnlyForDeploymentPostprocessing = 0;
		};
/* End PBXFrameworksBuildPhase section */

/* Begin PBXGroup section */
		2DEA6C93E70015327597BB27 /* Pods */ = {
			isa = PBXGroup;
			children = (
				500A70821D522E9041A6A546 /* Pods-iOS-RN.debug.xcconfig */,
				60D11BD7EEF198D3197617BF /* Pods-iOS-RN.release.xcconfig */,
			);
			name = Pods;
			sourceTree = "<group>";
		};
		3B6A0D272269DAC1001F627B = {
			isa = PBXGroup;
			children = (
				3B6A0D672269EA89001F627B /* .gitignore */,
				3B6A0D492269DBB3001F627B /* package.json */,
				3B6A0D322269DAC1001F627B /* iOS-RN */,
				3B6A0D312269DAC1001F627B /* Products */,
				2DEA6C93E70015327597BB27 /* Pods */,
				ABF5D9CB9312983CDE8D64F0 /* Frameworks */,
			);
			sourceTree = "<group>";
		};
		3B6A0D312269DAC1001F627B /* Products */ = {
			isa = PBXGroup;
			children = (
				3B6A0D302269DAC1001F627B /* iOS-RN.app */,
			);
			name = Products;
			sourceTree = "<group>";
		};
		3B6A0D322269DAC1001F627B /* iOS-RN */ = {
			isa = PBXGroup;
			children = (
				3B6A0D332269DAC1001F627B /* AppDelegate.h */,
				3B6A0D342269DAC1001F627B /* AppDelegate.m */,
				3B6A0D362269DAC1001F627B /* ViewController.h */,
				3B6A0D372269DAC1001F627B /* ViewController.m */,
				3B6A0D5B2269E313001F627B /* RNViewController.h */,
				3B6A0D5C2269E313001F627B /* RNViewController.m */,
				3B6A0D5E2269E4D5001F627B /* RCTModules.h */,
				3B6A0D5F2269E4D5001F627B /* RCTModules.m */,
				3B6A0D612269E583001F627B /* TwoViewController.h */,
				3B6A0D622269E583001F627B /* TwoViewController.m */,
				3B6A0D642269E5AE001F627B /* ThreeViewController.h */,
				3B6A0D652269E5AE001F627B /* ThreeViewController.m */,
				3B6A0D392269DAC1001F627B /* Main.storyboard */,
				3B6A0D3C2269DAC3001F627B /* Assets.xcassets */,
				3B6A0D3E2269DAC3001F627B /* LaunchScreen.storyboard */,
				3B6A0D412269DAC3001F627B /* Info.plist */,
				3B6A0D422269DAC3001F627B /* main.m */,
				3B6A0D4D2269E08A001F627B /* ReactView.h */,
				3B6A0D4E2269E08A001F627B /* ReactView.m */,
			);
			path = "iOS-RN";
			sourceTree = "<group>";
		};
		ABF5D9CB9312983CDE8D64F0 /* Frameworks */ = {
			isa = PBXGroup;
			children = (
				715A003DFE21E0BDE8627B2A /* libPods-iOS-RN.a */,
			);
			name = Frameworks;
			sourceTree = "<group>";
		};
/* End PBXGroup section */

/* Begin PBXNativeTarget section */
		3B6A0D2F2269DAC1001F627B /* iOS-RN */ = {
			isa = PBXNativeTarget;
			buildConfigurationList = 3B6A0D462269DAC3001F627B /* Build configuration list for PBXNativeTarget "iOS-RN" */;
			buildPhases = (
				1700CE35A5BCA425D9EBA406 /* [CP] Check Pods Manifest.lock */,
				3B6A0D2C2269DAC1001F627B /* Sources */,
				3B6A0D2D2269DAC1001F627B /* Frameworks */,
				3B6A0D2E2269DAC1001F627B /* Resources */,
			);
			buildRules = (
			);
			dependencies = (
			);
			name = "iOS-RN";
			productName = "iOS-RN";
			productReference = 3B6A0D302269DAC1001F627B /* iOS-RN.app */;
			productType = "com.apple.product-type.application";
		};
/* End PBXNativeTarget section */

/* Begin PBXProject section */
		3B6A0D282269DAC1001F627B /* Project object */ = {
			isa = PBXProject;
			attributes = {
				LastUpgradeCheck = 1020;
				ORGANIZATIONNAME = Shangpin;
				TargetAttributes = {
					3B6A0D2F2269DAC1001F627B = {
						CreatedOnToolsVersion = 10.2;
					};
				};
			};
			buildConfigurationList = 3B6A0D2B2269DAC1001F627B /* Build configuration list for PBXProject "iOS-RN" */;
			compatibilityVersion = "Xcode 9.3";
			developmentRegion = en;
			hasScannedForEncodings = 0;
			knownRegions = (
				en,
				Base,
			);
			mainGroup = 3B6A0D272269DAC1001F627B;
			productRefGroup = 3B6A0D312269DAC1001F627B /* Products */;
			projectDirPath = "";
			projectRoot = "";
			targets = (
				3B6A0D2F2269DAC1001F627B /* iOS-RN */,
			);
		};
/* End PBXProject section */

/* Begin PBXResourcesBuildPhase section */
		3B6A0D2E2269DAC1001F627B /* Resources */ = {
			isa = PBXResourcesBuildPhase;
			buildActionMask = 2147483647;
			files = (
				3B6A0D682269EA89001F627B /* .gitignore in Resources */,
				3B6A0D4A2269DBB3001F627B /* package.json in Resources */,
				3B6A0D402269DAC3001F627B /* LaunchScreen.storyboard in Resources */,
				3B6A0D3D2269DAC3001F627B /* Assets.xcassets in Resources */,
				3B6A0D3B2269DAC1001F627B /* Main.storyboard in Resources */,
			);
			runOnlyForDeploymentPostprocessing = 0;
		};
/* End PBXResourcesBuildPhase section */

/* Begin PBXShellScriptBuildPhase section */
		1700CE35A5BCA425D9EBA406 /* [CP] Check Pods Manifest.lock */ = {
			isa = PBXShellScriptBuildPhase;
			buildActionMask = 2147483647;
			files = (
			);
			inputFileListPaths = (
			);
			inputPaths = (
				"${PODS_PODFILE_DIR_PATH}/Podfile.lock",
				"${PODS_ROOT}/Manifest.lock",
			);
			name = "[CP] Check Pods Manifest.lock";
			outputFileListPaths = (
			);
			outputPaths = (
				"$(DERIVED_FILE_DIR)/Pods-iOS-RN-checkManifestLockResult.txt",
			);
			runOnlyForDeploymentPostprocessing = 0;
			shellPath = /bin/sh;
			shellScript = "diff \"${PODS_PODFILE_DIR_PATH}/Podfile.lock\" \"${PODS_ROOT}/Manifest.lock\" > /dev/null\nif [ $? != 0 ] ; then\n    # print error to STDERR\n    echo \"error: The sandbox is not in sync with the Podfile.lock. Run 'pod install' or update your CocoaPods installation.\" >&2\n    exit 1\nfi\n# This output is used by Xcode 'outputs' to avoid re-running this script phase.\necho \"SUCCESS\" > \"${SCRIPT_OUTPUT_FILE_0}\"\n";
			showEnvVarsInLog = 0;
		};
/* End PBXShellScriptBuildPhase section */

/* Begin PBXSourcesBuildPhase section */
		3B6A0D2C2269DAC1001F627B /* Sources */ = {
			isa = PBXSourcesBuildPhase;
			buildActionMask = 2147483647;
			files = (
				3B6A0D632269E583001F627B /* TwoViewController.m in Sources */,
				3B6A0D5D2269E313001F627B /* RNViewController.m in Sources */,
				3B6A0D602269E4D5001F627B /* RCTModules.m in Sources */,
				3B6A0D4F2269E08A001F627B /* ReactView.m in Sources */,
				3B6A0D382269DAC1001F627B /* ViewController.m in Sources */,
				3B6A0D432269DAC3001F627B /* main.m in Sources */,
				3B6A0D352269DAC1001F627B /* AppDelegate.m in Sources */,
				3B6A0D662269E5AE001F627B /* ThreeViewController.m in Sources */,
			);
			runOnlyForDeploymentPostprocessing = 0;
		};
/* End PBXSourcesBuildPhase section */

/* Begin PBXVariantGroup section */
		3B6A0D392269DAC1001F627B /* Main.storyboard */ = {
			isa = PBXVariantGroup;
			children = (
				3B6A0D3A2269DAC1001F627B /* Base */,
			);
			name = Main.storyboard;
			sourceTree = "<group>";
		};
		3B6A0D3E2269DAC3001F627B /* LaunchScreen.storyboard */ = {
			isa = PBXVariantGroup;
			children = (
				3B6A0D3F2269DAC3001F627B /* Base */,
			);
			name = LaunchScreen.storyboard;
			sourceTree = "<group>";
		};
/* End PBXVariantGroup section */

/* Begin XCBuildConfiguration section */
		3B6A0D442269DAC3001F627B /* Debug */ = {
			isa = XCBuildConfiguration;
			buildSettings = {
				ALWAYS_SEARCH_USER_PATHS = NO;
				CLANG_ANALYZER_NONNULL = YES;
				CLANG_ANALYZER_NUMBER_OBJECT_CONVERSION = YES_AGGRESSIVE;
				CLANG_CXX_LANGUAGE_STANDARD = "gnu++14";
				CLANG_CXX_LIBRARY = "libc++";
				CLANG_ENABLE_MODULES = YES;
				CLANG_ENABLE_OBJC_ARC = YES;
				CLANG_ENABLE_OBJC_WEAK = YES;
				CLANG_WARN_BLOCK_CAPTURE_AUTORELEASING = YES;
				CLANG_WARN_BOOL_CONVERSION = YES;
				CLANG_WARN_COMMA = YES;
				CLANG_WARN_CONSTANT_CONVERSION = YES;
				CLANG_WARN_DEPRECATED_OBJC_IMPLEMENTATIONS = YES;
				CLANG_WARN_DIRECT_OBJC_ISA_USAGE = YES_ERROR;
				CLANG_WARN_DOCUMENTATION_COMMENTS = YES;
				CLANG_WARN_EMPTY_BODY = YES;
				CLANG_WARN_ENUM_CONVERSION = YES;
				CLANG_WARN_INFINITE_RECURSION = YES;
				CLANG_WARN_INT_CONVERSION = YES;
				CLANG_WARN_NON_LITERAL_NULL_CONVERSION = YES;
				CLANG_WARN_OBJC_IMPLICIT_RETAIN_SELF = YES;
				CLANG_WARN_OBJC_LITERAL_CONVERSION = YES;
				CLANG_WARN_OBJC_ROOT_CLASS = YES_ERROR;
				CLANG_WARN_RANGE_LOOP_ANALYSIS = YES;
				CLANG_WARN_STRICT_PROTOTYPES = YES;
				CLANG_WARN_SUSPICIOUS_MOVE = YES;
				CLANG_WARN_UNGUARDED_AVAILABILITY = YES_AGGRESSIVE;
				CLANG_WARN_UNREACHABLE_CODE = YES;
				CLANG_WARN__DUPLICATE_METHOD_MATCH = YES;
				CODE_SIGN_IDENTITY = "iPhone Developer";
				COPY_PHASE_STRIP = NO;
				DEBUG_INFORMATION_FORMAT = dwarf;
				ENABLE_STRICT_OBJC_MSGSEND = YES;
				ENABLE_TESTABILITY = YES;
				GCC_C_LANGUAGE_STANDARD = gnu11;
				GCC_DYNAMIC_NO_PIC = NO;
				GCC_NO_COMMON_BLOCKS = YES;
				GCC_OPTIMIZATION_LEVEL = 0;
				GCC_PREPROCESSOR_DEFINITIONS = (
					"DEBUG=1",
					"$(inherited)",
				);
				GCC_WARN_64_TO_32_BIT_CONVERSION = YES;
				GCC_WARN_ABOUT_RETURN_TYPE = YES_ERROR;
				GCC_WARN_UNDECLARED_SELECTOR = YES;
				GCC_WARN_UNINITIALIZED_AUTOS = YES_AGGRESSIVE;
				GCC_WARN_UNUSED_FUNCTION = YES;
				GCC_WARN_UNUSED_VARIABLE = YES;
				IPHONEOS_DEPLOYMENT_TARGET = 12.2;
				MTL_ENABLE_DEBUG_INFO = INCLUDE_SOURCE;
				MTL_FAST_MATH = YES;
				ONLY_ACTIVE_ARCH = YES;
				SDKROOT = iphoneos;
			};
			name = Debug;
		};
		3B6A0D452269DAC3001F627B /* Release */ = {
			isa = XCBuildConfiguration;
			buildSettings = {
				ALWAYS_SEARCH_USER_PATHS = NO;
				CLANG_ANALYZER_NONNULL = YES;
				CLANG_ANALYZER_NUMBER_OBJECT_CONVERSION = YES_AGGRESSIVE;
				CLANG_CXX_LANGUAGE_STANDARD = "gnu++14";
				CLANG_CXX_LIBRARY = "libc++";
				CLANG_ENABLE_MODULES = YES;
				CLANG_ENABLE_OBJC_ARC = YES;
				CLANG_ENABLE_OBJC_WEAK = YES;
				CLANG_WARN_BLOCK_CAPTURE_AUTORELEASING = YES;
				CLANG_WARN_BOOL_CONVERSION = YES;
				CLANG_WARN_COMMA = YES;
				CLANG_WARN_CONSTANT_CONVERSION = YES;
				CLANG_WARN_DEPRECATED_OBJC_IMPLEMENTATIONS = YES;
				CLANG_WARN_DIRECT_OBJC_ISA_USAGE = YES_ERROR;
				CLANG_WARN_DOCUMENTATION_COMMENTS = YES;
				CLANG_WARN_EMPTY_BODY = YES;
				CLANG_WARN_ENUM_CONVERSION = YES;
				CLANG_WARN_INFINITE_RECURSION = YES;
				CLANG_WARN_INT_CONVERSION = YES;
				CLANG_WARN_NON_LITERAL_NULL_CONVERSION = YES;
				CLANG_WARN_OBJC_IMPLICIT_RETAIN_SELF = YES;
				CLANG_WARN_OBJC_LITERAL_CONVERSION = YES;
				CLANG_WARN_OBJC_ROOT_CLASS = YES_ERROR;
				CLANG_WARN_RANGE_LOOP_ANALYSIS = YES;
				CLANG_WARN_STRICT_PROTOTYPES = YES;
				CLANG_WARN_SUSPICIOUS_MOVE = YES;
				CLANG_WARN_UNGUARDED_AVAILABILITY = YES_AGGRESSIVE;
				CLANG_WARN_UNREACHABLE_CODE = YES;
				CLANG_WARN__DUPLICATE_METHOD_MATCH = YES;
				CODE_SIGN_IDENTITY = "iPhone Developer";
				COPY_PHASE_STRIP = NO;
				DEBUG_INFORMATION_FORMAT = "dwarf-with-dsym";
				ENABLE_NS_ASSERTIONS = NO;
				ENABLE_STRICT_OBJC_MSGSEND = YES;
				GCC_C_LANGUAGE_STANDARD = gnu11;
				GCC_NO_COMMON_BLOCKS = YES;
				GCC_WARN_64_TO_32_BIT_CONVERSION = YES;
				GCC_WARN_ABOUT_RETURN_TYPE = YES_ERROR;
				GCC_WARN_UNDECLARED_SELECTOR = YES;
				GCC_WARN_UNINITIALIZED_AUTOS = YES_AGGRESSIVE;
				GCC_WARN_UNUSED_FUNCTION = YES;
				GCC_WARN_UNUSED_VARIABLE = YES;
				IPHONEOS_DEPLOYMENT_TARGET = 12.2;
				MTL_ENABLE_DEBUG_INFO = NO;
				MTL_FAST_MATH = YES;
				SDKROOT = iphoneos;
				VALIDATE_PRODUCT = YES;
			};
			name = Release;
		};
		3B6A0D472269DAC3001F627B /* Debug */ = {
			isa = XCBuildConfiguration;
			baseConfigurationReference = 500A70821D522E9041A6A546 /* Pods-iOS-RN.debug.xcconfig */;
			buildSettings = {
				ASSETCATALOG_COMPILER_APPICON_NAME = AppIcon;
				CODE_SIGN_STYLE = Automatic;
				INFOPLIST_FILE = "iOS-RN/Info.plist";
				LD_RUNPATH_SEARCH_PATHS = (
					"$(inherited)",
					"@executable_path/Frameworks",
				);
				PRODUCT_BUNDLE_IDENTIFIER = "mybadge.iOS-RN";
				PRODUCT_NAME = "$(TARGET_NAME)";
				TARGETED_DEVICE_FAMILY = "1,2";
			};
			name = Debug;
		};
		3B6A0D482269DAC3001F627B /* Release */ = {
			isa = XCBuildConfiguration;
			baseConfigurationReference = 60D11BD7EEF198D3197617BF /* Pods-iOS-RN.release.xcconfig */;
			buildSettings = {
				ASSETCATALOG_COMPILER_APPICON_NAME = AppIcon;
				CODE_SIGN_STYLE = Automatic;
				INFOPLIST_FILE = "iOS-RN/Info.plist";
				LD_RUNPATH_SEARCH_PATHS = (
					"$(inherited)",
					"@executable_path/Frameworks",
				);
				PRODUCT_BUNDLE_IDENTIFIER = "mybadge.iOS-RN";
				PRODUCT_NAME = "$(TARGET_NAME)";
				TARGETED_DEVICE_FAMILY = "1,2";
			};
			name = Release;
		};
/* End XCBuildConfiguration section */

/* Begin XCConfigurationList section */
		3B6A0D2B2269DAC1001F627B /* Build configuration list for PBXProject "iOS-RN" */ = {
			isa = XCConfigurationList;
			buildConfigurations = (
				3B6A0D442269DAC3001F627B /* Debug */,
				3B6A0D452269DAC3001F627B /* Release */,
			);
			defaultConfigurationIsVisible = 0;
			defaultConfigurationName = Release;
		};
		3B6A0D462269DAC3001F627B /* Build configuration list for PBXNativeTarget "iOS-RN" */ = {
			isa = XCConfigurationList;
			buildConfigurations = (
				3B6A0D472269DAC3001F627B /* Debug */,
				3B6A0D482269DAC3001F627B /* Release */,
			);
			defaultConfigurationIsVisible = 0;
			defaultConfigurationName = Release;
		};
/* End XCConfigurationList section */
	};
	rootObject = 3B6A0D282269DAC1001F627B /* Project object */;
}
